
Microsoft Visual Studio Solution File, Format Version 12.00
# Visual Studio Version 17
VisualStudioVersion = 17.14.36915.13 d17.14
MinimumVisualStudioVersion = 10.0.40219.1
Project("{888888A0-9F3D-457C-B088-3A5042F75D52}") = "NFLTop100", "NFLTop100\NFLTop100.pyproj", "{4EDD0BD0-7814-4DF3-8AFF-25A2D52CD134}"
EndProject
Global
	GlobalSection(SolutionConfigurationPlatforms) = preSolution
		Debug|Any CPU = Debug|Any CPU
		Release|Any CPU = Release|Any CPU
	EndGlobalSection
	GlobalSection(ProjectConfigurationPlatforms) = postSolution
		{4EDD0BD0-7814-4DF3-8AFF-25A2D52CD134}.Debug|Any CPU.ActiveCfg = Debug|Any CPU
		{4EDD0BD0-7814-4DF3-8AFF-25A2D52CD134}.Debug|Any CPU.Build.0 = Debug|Any CPU
		{4EDD0BD0-7814-4DF3-8AFF-25A2D52CD134}.Release|Any CPU.ActiveCfg = Release|Any CPU
		{4EDD0BD0-7814-4DF3-8AFF-25A2D52CD134}.Release|Any CPU.Build.0 = Release|Any CPU
	EndGlobalSection
	GlobalSection(SolutionProperties) = preSolution
		HideSolutionNode = FALSE
	EndGlobalSection
	GlobalSection(ExtensibilityGlobals) = postSolution
		SolutionGuid = {3BB67E6A-0AF2-4826-BB2D-7A78098AFDB1}
	EndGlobalSection
EndGlobal
